// !$*UTF8*$!
{
	archiveVersion = 1;
	classes = {
	};
	objectVersion = 50;
	objects = {

/* Begin PBXBuildFile section */
		62A9F3ED2260A28C00207B3F /* AppDelegate.swift in Sources */ = {isa = PBXBuildFile; fileRef = 62A9F3EC2260A28C00207B3F /* AppDelegate.swift */; };
		62A9F3EF2260A28C00207B3F /* ViewController.swift in Sources */ = {isa = PBXBuildFile; fileRef = 62A9F3EE2260A28C00207B3F /* ViewController.swift */; };
		62A9F3F22260A28C00207B3F /* Main.storyboard in Resources */ = {isa = PBXBuildFile; fileRef = 62A9F3F02260A28C00207B3F /* Main.storyboard */; };
		62A9F3F42260A28D00207B3F /* Assets.xcassets in Resources */ = {isa = PBXBuildFile; fileRef = 62A9F3F32260A28D00207B3F /* Assets.xcassets */; };
		62A9F3F72260A28D00207B3F /* LaunchScreen.storyboard in Resources */ = {isa = PBXBuildFile; fileRef = 62A9F3F52260A28D00207B3F /* LaunchScreen.storyboard */; };
		62A9F4022260A28D00207B3F /* DemogitTests.swift in Sources */ = {isa = PBXBuildFile; fileRef = 62A9F4012260A28D00207B3F /* DemogitTests.swift */; };
		62A9F40D2260A28D00207B3F /* DemogitUITests.swift in Sources */ = {isa = PBXBuildFile; fileRef = 62A9F40C2260A28D00207B3F /* DemogitUITests.swift */; };
/* End PBXBuildFile section */

/* Begin PBXContainerItemProxy section */
		62A9F3FE2260A28D00207B3F /* PBXContainerItemProxy */ = {
			isa = PBXContainerItemProxy;
			containerPortal = 62A9F3E12260A28C00207B3F /* Project object */;
			proxyType = 1;
			remoteGlobalIDString = 62A9F3E82260A28C00207B3F;
			remoteInfo = Demogit;
		};
		62A9F4092260A28D00207B3F /* PBXContainerItemProxy */ = {
			isa = PBXContainerItemProxy;
			containerPortal = 62A9F3E12260A28C00207B3F /* Project object */;
			proxyType = 1;
			remoteGlobalIDString = 62A9F3E82260A28C00207B3F;
			remoteInfo = Demogit;
		};
/* End PBXContainerItemProxy section */

/* Begin PBXFileReference section */
		62A9F3E92260A28C00207B3F /* Demogit.app */ = {isa = PBXFileReference; explicitFileType = wrapper.application; includeInIndex = 0; path = Demogit.app; sourceTree = BUILT_PRODUCTS_DIR; };
		62A9F3EC2260A28C00207B3F /* AppDelegate.swift */ = {isa = PBXFileReference; lastKnownFileType = sourcecode.swift; path = AppDelegate.swift; sourceTree = "<group>"; };
		62A9F3EE2260A28C00207B3F /* ViewController.swift */ = {isa = PBXFileReference; lastKnownFileType = sourcecode.swift; path = ViewController.swift; sourceTree = "<group>"; };
		62A9F3F12260A28C00207B3F /* Base */ = {isa = PBXFileReference; lastKnownFileType = file.storyboard; name = Base; path = Base.lproj/Main.storyboard; sourceTree = "<group>"; };
		62A9F3F32260A28D00207B3F /* Assets.xcassets */ = {isa = PBXFileReference; lastKnownFileType = folder.assetcatalog; path = Assets.xcassets; sourceTree = "<group>"; };
		62A9F3F62260A28D00207B3F /* Base */ = {isa = PBXFileReference; lastKnownFileType = file.storyboard; name = Base; path = Base.lproj/LaunchScreen.storyboard; sourceTree = "<group>"; };
		62A9F3F82260A28D00207B3F /* Info.plist */ = {isa = PBXFileReference; lastKnownFileType = text.plist.xml; path = Info.plist; sourceTree = "<group>"; };
		62A9F3FD2260A28D00207B3F /* DemogitTests.xctest */ = {isa = PBXFileReference; explicitFileType = wrapper.cfbundle; includeInIndex = 0; path = DemogitTests.xctest; sourceTree = BUILT_PRODUCTS_DIR; };
		62A9F4012260A28D00207B3F /* DemogitTests.swift */ = {isa = PBXFileReference; lastKnownFileType = sourcecode.swift; path = DemogitTests.swift; sourceTree = "<group>"; };
		62A9F4032260A28D00207B3F /* Info.plist */ = {isa = PBXFileReference; lastKnownFileType = text.plist.xml; path = Info.plist; sourceTree = "<group>"; };
		62A9F4082260A28D00207B3F /* DemogitUITests.xctest */ = {isa = PBXFileReference; explicitFileType = wrapper.cfbundle; includeInIndex = 0; path = DemogitUITests.xctest; sourceTree = BUILT_PRODUCTS_DIR; };
		62A9F40C2260A28D00207B3F /* DemogitUITests.swift */ = {isa = PBXFileReference; lastKnownFileType = sourcecode.swift; path = DemogitUITests.swift; sourceTree = "<group>"; };
		62A9F40E2260A28D00207B3F /* Info.plist */ = {isa = PBXFileReference; lastKnownFileType = text.plist.xml; path = Info.plist; sourceTree = "<group>"; };
/* End PBXFileReference section */

/* Begin PBXFrameworksBuildPhase section */
		62A9F3E62260A28C00207B3F /* Frameworks */ = {
			isa = PBXFrameworksBuildPhase;
			buildActionMask = 2147483647;
			files = (
			);
			runOnlyForDeploymentPostprocessing = 0;
		};
		62A9F3FA2260A28D00207B3F /* Frameworks */ = {
			isa = PBXFrameworksBuildPhase;
			buildActionMask = 2147483647;
			files = (
			);
			runOnlyForDeploymentPostprocessing = 0;
		};
		62A9F4052260A28D00207B3F /* Frameworks */ = {
			isa = PBXFrameworksBuildPhase;
			buildActionMask = 2147483647;
			files = (
			);
			runOnlyForDeploymentPostprocessing = 0;
		};
/* End PBXFrameworksBuildPhase section */

/* Begin PBXGroup section */
		62A9F3E02260A28C00207B3F = {
			isa = PBXGroup;
			children = (
				62A9F3EB2260A28C00207B3F /* Demogit */,
				62A9F4002260A28D00207B3F /* DemogitTests */,
				62A9F40B2260A28D00207B3F /* DemogitUITests */,
				62A9F3EA2260A28C00207B3F /* Products */,
			);
			sourceTree = "<group>";
		};
		62A9F3EA2260A28C00207B3F /* Products */ = {
			isa = PBXGroup;
			children = (
				62A9F3E92260A28C00207B3F /* Demogit.app */,
				62A9F3FD2260A28D00207B3F /* DemogitTests.xctest */,
				62A9F4082260A28D00207B3F /* DemogitUITests.xctest */,
			);
			name = Products;
			sourceTree = "<group>";
		};
		62A9F3EB2260A28C00207B3F /* Demogit */ = {
			isa = PBXGroup;
			children = (
				62A9F3EC2260A28C00207B3F /* AppDelegate.swift */,
				62A9F3EE2260A28C00207B3F /* ViewController.swift */,
				62A9F3F02260A28C00207B3F /* Main.storyboard */,
				62A9F3F32260A28D00207B3F /* Assets.xcassets */,
				62A9F3F52260A28D00207B3F /* LaunchScreen.storyboard */,
				62A9F3F82260A28D00207B3F /* Info.plist */,
			);
			path = Demogit;
			sourceTree = "<group>";
		};
		62A9F4002260A28D00207B3F /* DemogitTests */ = {
			isa = PBXGroup;
			children = (
				62A9F4012260A28D00207B3F /* DemogitTests.swift */,
				62A9F4032260A28D00207B3F /* Info.plist */,
			);
			path = DemogitTests;
			sourceTree = "<group>";
		};
		62A9F40B2260A28D00207B3F /* DemogitUITests */ = {
			isa = PBXGroup;
			children = (
				62A9F40C2260A28D00207B3F /* DemogitUITests.swift */,
				62A9F40E2260A28D00207B3F /* Info.plist */,
			);
			path = DemogitUITests;
			sourceTree = "<group>";
		};
/* End PBXGroup section */

/* Begin PBXNativeTarget section */
		62A9F3E82260A28C00207B3F /* Demogit */ = {
			isa = PBXNativeTarget;
			buildConfigurationList = 62A9F4112260A28D00207B3F /* Build configuration list for PBXNativeTarget "Demogit" */;
			buildPhases = (
				62A9F3E52260A28C00207B3F /* Sources */,
				62A9F3E62260A28C00207B3F /* Frameworks */,
				62A9F3E72260A28C00207B3F /* Resources */,
			);
			buildRules = (
			);
			dependencies = (
			);
			name = Demogit;
			productName = Demogit;
			productReference = 62A9F3E92260A28C00207B3F /* Demogit.app */;
			productType = "com.apple.product-type.application";
		};
		62A9F3FC2260A28D00207B3F /* DemogitTests */ = {
			isa = PBXNativeTarget;
			buildConfigurationList = 62A9F4142260A28D00207B3F /* Build configuration list for PBXNativeTarget "DemogitTests" */;
			buildPhases = (
				62A9F3F92260A28D00207B3F /* Sources */,
				62A9F3FA2260A28D00207B3F /* Frameworks */,
				62A9F3FB2260A28D00207B3F /* Resources */,
			);
			buildRules = (
			);
			dependencies = (
				62A9F3FF2260A28D00207B3F /* PBXTargetDependency */,
			);
			name = DemogitTests;
			productName = DemogitTests;
			productReference = 62A9F3FD2260A28D00207B3F /* DemogitTests.xctest */;
			productType = "com.apple.product-type.bundle.unit-test";
		};
		62A9F4072260A28D00207B3F /* DemogitUITests */ = {
			isa = PBXNativeTarget;
			buildConfigurationList = 62A9F4172260A28D00207B3F /* Build configuration list for PBXNativeTarget "DemogitUITests" */;
			buildPhases = (
				62A9F4042260A28D00207B3F /* Sources */,
				62A9F4052260A28D00207B3F /* Frameworks */,
				62A9F4062260A28D00207B3F /* Resources */,
			);
			buildRules = (
			);
			dependencies = (
				62A9F40A2260A28D00207B3F /* PBXTargetDependency */,
			);
			name = DemogitUITests;
			productName = DemogitUITests;
			productReference = 62A9F4082260A28D00207B3F /* DemogitUITests.xctest */;
			productType = "com.apple.product-type.bundle.ui-testing";
		};
/* End PBXNativeTarget section */

/* Begin PBXProject section */
		62A9F3E12260A28C00207B3F /* Project object */ = {
			isa = PBXProject;
			attributes = {
				LastSwiftUpdateCheck = 1020;
				LastUpgradeCheck = 1020;
				ORGANIZATIONNAME = "Mash Virtual";
				TargetAttributes = {
					62A9F3E82260A28C00207B3F = {
						CreatedOnToolsVersion = 10.2;
					};
					62A9F3FC2260A28D00207B3F = {
						CreatedOnToolsVersion = 10.2;
						TestTargetID = 62A9F3E82260A28C00207B3F;
					};
					62A9F4072260A28D00207B3F = {
						CreatedOnToolsVersion = 10.2;
						TestTargetID = 62A9F3E82260A28C00207B3F;
					};
				};
			};
			buildConfigurationList = 62A9F3E42260A28C00207B3F /* Build configuration list for PBXProject "Demogit" */;
			compatibilityVersion = "Xcode 9.3";
			developmentRegion = en;
			hasScannedForEncodings = 0;
			knownRegions = (
				en,
				Base,
			);
			mainGroup = 62A9F3E02260A28C00207B3F;
			productRefGroup = 62A9F3EA2260A28C00207B3F /* Products */;
			projectDirPath = "";
			projectRoot = "";
			targets = (
				62A9F3E82260A28C00207B3F /* Demogit */,
				62A9F3FC2260A28D00207B3F /* DemogitTests */,
				62A9F4072260A28D00207B3F /* DemogitUITests */,
			);
		};
/* End PBXProject section */

/* Begin PBXResourcesBuildPhase section */
		62A9F3E72260A28C00207B3F /* Resources */ = {
			isa = PBXResourcesBuildPhase;
			buildActionMask = 2147483647;
			files = (
				62A9F3F72260A28D00207B3F /* LaunchScreen.storyboard in Resources */,
				62A9F3F42260A28D00207B3F /* Assets.xcassets in Resources */,
				62A9F3F22260A28C00207B3F /* Main.storyboard in Resources */,
			);
			runOnlyForDeploymentPostprocessing = 0;
		};
		62A9F3FB2260A28D00207B3F /* Resources */ = {
			isa = PBXResourcesBuildPhase;
			buildActionMask = 2147483647;
			files = (
			);
			runOnlyForDeploymentPostprocessing = 0;
		};
		62A9F4062260A28D00207B3F /* Resources */ = {
			isa = PBXResourcesBuildPhase;
			buildActionMask = 2147483647;
			files = (
			);
			runOnlyForDeploymentPostprocessing = 0;
		};
/* End PBXResourcesBuildPhase section */

/* Begin PBXSourcesBuildPhase section */
		62A9F3E52260A28C00207B3F /* Sources */ = {
			isa = PBXSourcesBuildPhase;
			buildActionMask = 2147483647;
			files = (
				62A9F3EF2260A28C00207B3F /* ViewController.swift in Sources */,
				62A9F3ED2260A28C00207B3F /* AppDelegate.swift in Sources */,
			);
			runOnlyForDeploymentPostprocessing = 0;
		};
		62A9F3F92260A28D00207B3F /* Sources */ = {
			isa = PBXSourcesBuildPhase;
			buildActionMask = 2147483647;
			files = (
				62A9F4022260A28D00207B3F /* DemogitTests.swift in Sources */,
			);
			runOnlyForDeploymentPostprocessing = 0;
		};
		62A9F4042260A28D00207B3F /* Sources */ = {
			isa = PBXSourcesBuildPhase;
			buildActionMask = 2147483647;
			files = (
				62A9F40D2260A28D00207B3F /* DemogitUITests.swift in Sources */,
			);
			runOnlyForDeploymentPostprocessing = 0;
		};
/* End PBXSourcesBuildPhase section */

/* Begin PBXTargetDependency section */
		62A9F3FF2260A28D00207B3F /* PBXTargetDependency */ = {
			isa = PBXTargetDependency;
			target = 62A9F3E82260A28C00207B3F /* Demogit */;
			targetProxy = 62A9F3FE2260A28D00207B3F /* PBXContainerItemProxy */;
		};
		62A9F40A2260A28D00207B3F /* PBXTargetDependency */ = {
			isa = PBXTargetDependency;
			target = 62A9F3E82260A28C00207B3F /* Demogit */;
			targetProxy = 62A9F4092260A28D00207B3F /* PBXContainerItemProxy */;
		};
/* End PBXTargetDependency section */

/* Begin PBXVariantGroup section */
		62A9F3F02260A28C00207B3F /* Main.storyboard */ = {
			isa = PBXVariantGroup;
			children = (
				62A9F3F12260A28C00207B3F /* Base */,
			);
			name = Main.storyboard;
			sourceTree = "<group>";
		};
		62A9F3F52260A28D00207B3F /* LaunchScreen.storyboard */ = {
			isa = PBXVariantGroup;
			children = (
				62A9F3F62260A28D00207B3F /* Base */,
			);
			name = LaunchScreen.storyboard;
			sourceTree = "<group>";
		};
/* End PBXVariantGroup section */

/* Begin XCBuildConfiguration section */
		62A9F40F2260A28D00207B3F /* Debug */ = {
			isa = XCBuildConfiguration;
			buildSettings = {
				ALWAYS_SEARCH_USER_PATHS = NO;
				CLANG_ANALYZER_NONNULL = YES;
				CLANG_ANALYZER_NUMBER_OBJECT_CONVERSION = YES_AGGRESSIVE;
				CLANG_CXX_LANGUAGE_STANDARD = "gnu++14";
				CLANG_CXX_LIBRARY = "libc++";
				CLANG_ENABLE_MODULES = YES;
				CLANG_ENABLE_OBJC_ARC = YES;
				CLANG_ENABLE_OBJC_WEAK = YES;
				CLANG_WARN_BLOCK_CAPTURE_AUTORELEASING = YES;
				CLANG_WARN_BOOL_CONVERSION = YES;
				CLANG_WARN_COMMA = YES;
				CLANG_WARN_CONSTANT_CONVERSION = YES;
				CLANG_WARN_DEPRECATED_OBJC_IMPLEMENTATIONS = YES;
				CLANG_WARN_DIRECT_OBJC_ISA_USAGE = YES_ERROR;
				CLANG_WARN_DOCUMENTATION_COMMENTS = YES;
				CLANG_WARN_EMPTY_BODY = YES;
				CLANG_WARN_ENUM_CONVERSION = YES;
				CLANG_WARN_INFINITE_RECURSION = YES;
				CLANG_WARN_INT_CONVERSION = YES;
				CLANG_WARN_NON_LITERAL_NULL_CONVERSION = YES;
				CLANG_WARN_OBJC_IMPLICIT_RETAIN_SELF = YES;
				CLANG_WARN_OBJC_LITERAL_CONVERSION = YES;
				CLANG_WARN_OBJC_ROOT_CLASS = YES_ERROR;
				CLANG_WARN_RANGE_LOOP_ANALYSIS = YES;
				CLANG_WARN_STRICT_PROTOTYPES = YES;
				CLANG_WARN_SUSPICIOUS_MOVE = YES;
				CLANG_WARN_UNGUARDED_AVAILABILITY = YES_AGGRESSIVE;
				CLANG_WARN_UNREACHABLE_CODE = YES;
				CLANG_WARN__DUPLICATE_METHOD_MATCH = YES;
				CODE_SIGN_IDENTITY = "iPhone Developer";
				COPY_PHASE_STRIP = NO;
				DEBUG_INFORMATION_FORMAT = dwarf;
				ENABLE_STRICT_OBJC_MSGSEND = YES;
				ENABLE_TESTABILITY = YES;
				GCC_C_LANGUAGE_STANDARD = gnu11;
				GCC_DYNAMIC_NO_PIC = NO;
				GCC_NO_COMMON_BLOCKS = YES;
				GCC_OPTIMIZATION_LEVEL = 0;
				GCC_PREPROCESSOR_DEFINITIONS = (
					"DEBUG=1",
					"$(inherited)",
				);
				GCC_WARN_64_TO_32_BIT_CONVERSION = YES;
				GCC_WARN_ABOUT_RETURN_TYPE = YES_ERROR;
				GCC_WARN_UNDECLARED_SELECTOR = YES;
				GCC_WARN_UNINITIALIZED_AUTOS = YES_AGGRESSIVE;
				GCC_WARN_UNUSED_FUNCTION = YES;
				GCC_WARN_UNUSED_VARIABLE = YES;
				IPHONEOS_DEPLOYMENT_TARGET = 12.2;
				MTL_ENABLE_DEBUG_INFO = INCLUDE_SOURCE;
				MTL_FAST_MATH = YES;
				ONLY_ACTIVE_ARCH = YES;
				SDKROOT = iphoneos;
				SWIFT_ACTIVE_COMPILATION_CONDITIONS = DEBUG;
				SWIFT_OPTIMIZATION_LEVEL = "-Onone";
			};
			name = Debug;
		};
		62A9F4102260A28D00207B3F /* Release */ = {
			isa = XCBuildConfiguration;
			buildSettings = {
				ALWAYS_SEARCH_USER_PATHS = NO;
				CLANG_ANALYZER_NONNULL = YES;
				CLANG_ANALYZER_NUMBER_OBJECT_CONVERSION = YES_AGGRESSIVE;
				CLANG_CXX_LANGUAGE_STANDARD = "gnu++14";
				CLANG_CXX_LIBRARY = "libc++";
				CLANG_ENABLE_MODULES = YES;
				CLANG_ENABLE_OBJC_ARC = YES;
				CLANG_ENABLE_OBJC_WEAK = YES;
				CLANG_WARN_BLOCK_CAPTURE_AUTORELEASING = YES;
				CLANG_WARN_BOOL_CONVERSION = YES;
				CLANG_WARN_COMMA = YES;
				CLANG_WARN_CONSTANT_CONVERSION = YES;
				CLANG_WARN_DEPRECATED_OBJC_IMPLEMENTATIONS = YES;
				CLANG_WARN_DIRECT_OBJC_ISA_USAGE = YES_ERROR;
				CLANG_WARN_DOCUMENTATION_COMMENTS = YES;
				CLANG_WARN_EMPTY_BODY = YES;
				CLANG_WARN_ENUM_CONVERSION = YES;
				CLANG_WARN_INFINITE_RECURSION = YES;
				CLANG_WARN_INT_CONVERSION = YES;
				CLANG_WARN_NON_LITERAL_NULL_CONVERSION = YES;
				CLANG_WARN_OBJC_IMPLICIT_RETAIN_SELF = YES;
				CLANG_WARN_OBJC_LITERAL_CONVERSION = YES;
				CLANG_WARN_OBJC_ROOT_CLASS = YES_ERROR;
				CLANG_WARN_RANGE_LOOP_ANALYSIS = YES;
				CLANG_WARN_STRICT_PROTOTYPES = YES;
				CLANG_WARN_SUSPICIOUS_MOVE = YES;
				CLANG_WARN_UNGUARDED_AVAILABILITY = YES_AGGRESSIVE;
				CLANG_WARN_UNREACHABLE_CODE = YES;
				CLANG_WARN__DUPLICATE_METHOD_MATCH = YES;
				CODE_SIGN_IDENTITY = "iPhone Developer";
				COPY_PHASE_STRIP = NO;
				DEBUG_INFORMATION_FORMAT = "dwarf-with-dsym";
				ENABLE_NS_ASSERTIONS = NO;
				ENABLE_STRICT_OBJC_MSGSEND = YES;
				GCC_C_LANGUAGE_STANDARD = gnu11;
				GCC_NO_COMMON_BLOCKS = YES;
				GCC_WARN_64_TO_32_BIT_CONVERSION = YES;
				GCC_WARN_ABOUT_RETURN_TYPE = YES_ERROR;
				GCC_WARN_UNDECLARED_SELECTOR = YES;
				GCC_WARN_UNINITIALIZED_AUTOS = YES_AGGRESSIVE;
				GCC_WARN_UNUSED_FUNCTION = YES;
				GCC_WARN_UNUSED_VARIABLE = YES;
				IPHONEOS_DEPLOYMENT_TARGET = 12.2;
				MTL_ENABLE_DEBUG_INFO = NO;
				MTL_FAST_MATH = YES;
				SDKROOT = iphoneos;
				SWIFT_COMPILATION_MODE = wholemodule;
				SWIFT_OPTIMIZATION_LEVEL = "-O";
				VALIDATE_PRODUCT = YES;
			};
			name = Release;
		};
		62A9F4122260A28D00207B3F /* Debug */ = {
			isa = XCBuildConfiguration;
			buildSettings = {
				ASSETCATALOG_COMPILER_APPICON_NAME = AppIcon;
				CODE_SIGN_STYLE = Automatic;
				DEVELOPMENT_TEAM = 9Y359G7RAF;
				INFOPLIST_FILE = Demogit/Info.plist;
				LD_RUNPATH_SEARCH_PATHS = (
					"$(inherited)",
					"@executable_path/Frameworks",
				);
				PRODUCT_BUNDLE_IDENTIFIER = com.mashvirtual.Demogit;
				PRODUCT_NAME = "$(TARGET_NAME)";
				SWIFT_VERSION = 5.0;
				TARGETED_DEVICE_FAMILY = "1,2";
			};
			name = Debug;
		};
		62A9F4132260A28D00207B3F /* Release */ = {
			isa = XCBuildConfiguration;
			buildSettings = {
				ASSETCATALOG_COMPILER_APPICON_NAME = AppIcon;
				CODE_SIGN_STYLE = Automatic;
				DEVELOPMENT_TEAM = 9Y359G7RAF;
				INFOPLIST_FILE = Demogit/Info.plist;
				LD_RUNPATH_SEARCH_PATHS = (
					"$(inherited)",
					"@executable_path/Frameworks",
				);
				PRODUCT_BUNDLE_IDENTIFIER = com.mashvirtual.Demogit;
				PRODUCT_NAME = "$(TARGET_NAME)";
				SWIFT_VERSION = 5.0;
				TARGETED_DEVICE_FAMILY = "1,2";
			};
			name = Release;
		};
		62A9F4152260A28D00207B3F /* Debug */ = {
			isa = XCBuildConfiguration;
			buildSettings = {
				ALWAYS_EMBED_SWIFT_STANDARD_LIBRARIES = YES;
				BUNDLE_LOADER = "$(TEST_HOST)";
				CODE_SIGN_STYLE = Automatic;
				DEVELOPMENT_TEAM = 9Y359G7RAF;
				INFOPLIST_FILE = DemogitTests/Info.plist;
				LD_RUNPATH_SEARCH_PATHS = (
					"$(inherited)",
					"@executable_path/Frameworks",
					"@loader_path/Frameworks",
				);
				PRODUCT_BUNDLE_IDENTIFIER = com.mashvirtual.DemogitTests;
				PRODUCT_NAME = "$(TARGET_NAME)";
				SWIFT_VERSION = 5.0;
				TARGETED_DEVICE_FAMILY = "1,2";
				TEST_HOST = "$(BUILT_PRODUCTS_DIR)/Demogit.app/Demogit";
			};
			name = Debug;
		};
		62A9F4162260A28D00207B3F /* Release */ = {
			isa = XCBuildConfiguration;
			buildSettings = {
				ALWAYS_EMBED_SWIFT_STANDARD_LIBRARIES = YES;
				BUNDLE_LOADER = "$(TEST_HOST)";
				CODE_SIGN_STYLE = Automatic;
				DEVELOPMENT_TEAM = 9Y359G7RAF;
				INFOPLIST_FILE = DemogitTests/Info.plist;
				LD_RUNPATH_SEARCH_PATHS = (
					"$(inherited)",
					"@executable_path/Frameworks",
					"@loader_path/Frameworks",
				);
				PRODUCT_BUNDLE_IDENTIFIER = com.mashvirtual.DemogitTests;
				PRODUCT_NAME = "$(TARGET_NAME)";
				SWIFT_VERSION = 5.0;
				TARGETED_DEVICE_FAMILY = "1,2";
				TEST_HOST = "$(BUILT_PRODUCTS_DIR)/Demogit.app/Demogit";
			};
			name = Release;
		};
		62A9F4182260A28D00207B3F /* Debug */ = {
			isa = XCBuildConfiguration;
			buildSettings = {
				ALWAYS_EMBED_SWIFT_STANDARD_LIBRARIES = YES;
				CODE_SIGN_STYLE = Automatic;
				DEVELOPMENT_TEAM = 9Y359G7RAF;
				INFOPLIST_FILE = DemogitUITests/Info.plist;
				LD_RUNPATH_SEARCH_PATHS = (
					"$(inherited)",
					"@executable_path/Frameworks",
					"@loader_path/Frameworks",
				);
				PRODUCT_BUNDLE_IDENTIFIER = com.mashvirtual.DemogitUITests;
				PRODUCT_NAME = "$(TARGET_NAME)";
				SWIFT_VERSION = 5.0;
				TARGETED_DEVICE_FAMILY = "1,2";
				TEST_TARGET_NAME = Demogit;
			};
			name = Debug;
		};
		62A9F4192260A28D00207B3F /* Release */ = {
			isa = XCBuildConfiguration;
			buildSettings = {
				ALWAYS_EMBED_SWIFT_STANDARD_LIBRARIES = YES;
				CODE_SIGN_STYLE = Automatic;
				DEVELOPMENT_TEAM = 9Y359G7RAF;
				INFOPLIST_FILE = DemogitUITests/Info.plist;
				LD_RUNPATH_SEARCH_PATHS = (
					"$(inherited)",
					"@executable_path/Frameworks",
					"@loader_path/Frameworks",
				);
				PRODUCT_BUNDLE_IDENTIFIER = com.mashvirtual.DemogitUITests;
				PRODUCT_NAME = "$(TARGET_NAME)";
				SWIFT_VERSION = 5.0;
				TARGETED_DEVICE_FAMILY = "1,2";
				TEST_TARGET_NAME = Demogit;
			};
			name = Release;
		};
/* End XCBuildConfiguration section */

/* Begin XCConfigurationList section */
		62A9F3E42260A28C00207B3F /* Build configuration list for PBXProject "Demogit" */ = {
			isa = XCConfigurationList;
			buildConfigurations = (
				62A9F40F2260A28D00207B3F /* Debug */,
				62A9F4102260A28D00207B3F /* Release */,
			);
			defaultConfigurationIsVisible = 0;
			defaultConfigurationName = Release;
		};
		62A9F4112260A28D00207B3F /* Build configuration list for PBXNativeTarget "Demogit" */ = {
			isa = XCConfigurationList;
			buildConfigurations = (
				62A9F4122260A28D00207B3F /* Debug */,
				62A9F4132260A28D00207B3F /* Release */,
			);
			defaultConfigurationIsVisible = 0;
			defaultConfigurationName = Release;
		};
		62A9F4142260A28D00207B3F /* Build configuration list for PBXNativeTarget "DemogitTests" */ = {
			isa = XCConfigurationList;
			buildConfigurations = (
				62A9F4152260A28D00207B3F /* Debug */,
				62A9F4162260A28D00207B3F /* Release */,
			);
			defaultConfigurationIsVisible = 0;
			defaultConfigurationName = Release;
		};
		62A9F4172260A28D00207B3F /* Build configuration list for PBXNativeTarget "DemogitUITests" */ = {
			isa = XCConfigurationList;
			buildConfigurations = (
				62A9F4182260A28D00207B3F /* Debug */,
				62A9F4192260A28D00207B3F /* Release */,
			);
			defaultConfigurationIsVisible = 0;
			defaultConfigurationName = Release;
		};
/* End XCConfigurationList section */
	};
	rootObject = 62A9F3E12260A28C00207B3F /* Project object */;
}
